
Microsoft Visual Studio Solution File, Format Version 12.00
# Visual Studio Version 16
VisualStudioVersion = 16.0.30413.136
MinimumVisualStudioVersion = 10.0.40219.1
Project("{FAE04EC0-301F-11D3-BF4B-00C04F79EFBC}") = "Ejercicio10", "Ejercicio10\Ejercicio10.csproj", "{D7BC0365-0AC6-47B8-A878-943E7B0D043B}"
EndProject
Global
	GlobalSection(SolutionConfigurationPlatforms) = preSolution
		Debug|Any CPU = Debug|Any CPU
		Release|Any CPU = Release|Any CPU
	EndGlobalSection
	GlobalSection(ProjectConfigurationPlatforms) = postSolution
		{D7BC0365-0AC6-47B8-A878-943E7B0D043B}.Debug|Any CPU.ActiveCfg = Debug|Any CPU
		{D7BC0365-0AC6-47B8-A878-943E7B0D043B}.Debug|Any CPU.Build.0 = Debug|Any CPU
		{D7BC0365-0AC6-47B8-A878-943E7B0D043B}.Release|Any CPU.ActiveCfg = Release|Any CPU
		{D7BC0365-0AC6-47B8-A878-943E7B0D043B}.Release|Any CPU.Build.0 = Release|Any CPU
	EndGlobalSection
	GlobalSection(SolutionProperties) = preSolution
		HideSolutionNode = FALSE
	EndGlobalSection
	GlobalSection(ExtensibilityGlobals) = postSolution
		SolutionGuid = {4972B208-EA29-492D-BD2C-A2174C09A150}
	EndGlobalSection
EndGlobal
