
Microsoft Visual Studio Solution File, Format Version 12.00
# Visual Studio Version 16
VisualStudioVersion = 16.0.30413.136
MinimumVisualStudioVersion = 10.0.40219.1
Project("{FAE04EC0-301F-11D3-BF4B-00C04F79EFBC}") = "Ejercicio3", "Ejercicio3\Ejercicio3.csproj", "{BB25168D-739A-44A4-8BA8-8AE746426417}"
EndProject
Global
	GlobalSection(SolutionConfigurationPlatforms) = preSolution
		Debug|Any CPU = Debug|Any CPU
		Release|Any CPU = Release|Any CPU
	EndGlobalSection
	GlobalSection(ProjectConfigurationPlatforms) = postSolution
		{BB25168D-739A-44A4-8BA8-8AE746426417}.Debug|Any CPU.ActiveCfg = Debug|Any CPU
		{BB25168D-739A-44A4-8BA8-8AE746426417}.Debug|Any CPU.Build.0 = Debug|Any CPU
		{BB25168D-739A-44A4-8BA8-8AE746426417}.Release|Any CPU.ActiveCfg = Release|Any CPU
		{BB25168D-739A-44A4-8BA8-8AE746426417}.Release|Any CPU.Build.0 = Release|Any CPU
	EndGlobalSection
	GlobalSection(SolutionProperties) = preSolution
		HideSolutionNode = FALSE
	EndGlobalSection
	GlobalSection(ExtensibilityGlobals) = postSolution
		SolutionGuid = {900800E1-3D2B-41F1-B2F7-C17CDF9F9DD7}
	EndGlobalSection
EndGlobal
